{
  "name": "de.jnkconsulting.e3dc.v2",
  "version": "1.4.15",
  "lockfileVersion": 2,
  "requires": true,
  "packages": {
    "": {
      "name": "de.jnkconsulting.e3dc.v2",
      "version": "1.4.15",
      "license": "MIT",
      "dependencies": {
        "easy-rscp": "^0.9.1"
      },
      "devDependencies": {
        "@tsconfig/node24": "^24.0.0",
        "@types/homey": "npm:homey-apps-sdk-v3-types@^0.3.9",
        "@types/node": "^24.0.0",
        "typescript": "^5.7.2"
      },
      "engines": {
        "node": ">=24"
      }
    },
    "../easy-rscp-js/dist": {
      "extraneous": true
    },
    "node_modules/@tsconfig/node24": {
      "version": "24.0.4",
      "resolved": "https://registry.npmjs.org/@tsconfig/node24/-/node24-24.0.4.tgz",
      "integrity": "sha512-2A933l5P5oCbv6qSxHs7ckKwobs8BDAe9SJ/Xr2Hy+nDlwmLE1GhFh/g/vXGRZWgxBg9nX/5piDtHR9Dkw/XuA==",
      "dev": true,
      "license": "MIT"
    },
    "node_modules/@types/homey": {
      "name": "homey-apps-sdk-v3-types",
      "version": "0.3.9",
      "resolved": "https://registry.npmjs.org/homey-apps-sdk-v3-types/-/homey-apps-sdk-v3-types-0.3.9.tgz",
      "integrity": "sha512-K4h2D2UwDFED9ML5rLIGJxgOV3FjlQYcrOjwgbJ3v5N38Iz7fvAzZlkf1XEPIClPVzsSxnOvasFs9Jw6cgzs+g==",
      "dev": true,
      "dependencies": {
        "@types/node": "^14.14.20"
      }
    },
    "node_modules/@types/homey/node_modules/@types/node": {
      "version": "14.18.63",
      "resolved": "https://registry.npmjs.org/@types/node/-/node-14.18.63.tgz",
      "integrity": "sha512-fAtCfv4jJg+ExtXhvCkCqUKZ+4ok/JQk01qDKhL5BDDoS3AxKXhV5/MAVUZyQnSEd2GT92fkgZl0pz0Q0AzcIQ==",
      "dev": true
    },
    "node_modules/@types/node": {
      "version": "24.13.2",
      "resolved": "https://registry.npmjs.org/@types/node/-/node-24.13.2.tgz",
      "integrity": "sha512-fRa09kZTgu8o71KFcDjUFuc7F+dEbZYZmkI0mg5YBTRs0yMKjYHsq/c0urDKeDb+D5qVgXOdFcuu+DZPKOITwA==",
      "dev": true,
      "license": "MIT",
      "dependencies": {
        "undici-types": "~7.18.0"
      }
    },
    "node_modules/crc-32": {
      "version": "1.2.2",
      "resolved": "https://registry.npmjs.org/crc-32/-/crc-32-1.2.2.tgz",
      "integrity": "sha512-ROmzCKrTnOwybPcJApAA6WBWij23HVfGVNKqqrZpuyZOHqK2CwHSvpGuyt/UNNvaIjEd8X5IFGp4Mh+Ie1IHJQ==",
      "bin": {
        "crc32": "bin/crc32.njs"
      },
      "engines": {
        "node": ">=0.8"
      }
    },
    "node_modules/easy-rscp": {
      "version": "0.9.1",
      "resolved": "https://registry.npmjs.org/easy-rscp/-/easy-rscp-0.9.1.tgz",
      "integrity": "sha512-u7jVdn33t2YX99kNaWzOOi0V8CbaRlpqG1qwg452I3pg/FX/tgR9U1tXMGBdG6S4qmpBVEDtCeK2TO/z5b7nvQ==",
      "dependencies": {
        "crc-32": "^1.2.2",
        "net": "^1.0.2",
        "rijndael-js": "^2.0.0"
      }
    },
    "node_modules/net": {
      "version": "1.0.2",
      "resolved": "https://registry.npmjs.org/net/-/net-1.0.2.tgz",
      "integrity": "sha512-kbhcj2SVVR4caaVnGLJKmlk2+f+oLkjqdKeQlmUtz6nGzOpbcobwVIeSURNgraV/v3tlmGIX82OcPCl0K6RbHQ=="
    },
    "node_modules/rijndael-js": {
      "version": "2.0.0",
      "resolved": "https://registry.npmjs.org/rijndael-js/-/rijndael-js-2.0.0.tgz",
      "integrity": "sha512-TiCKXWUtNOqb6Ck6TMf51wD12hy4ApgFZj7DnWEJ9DHv3MMfu9X5hiervLNLzmj5ieVcLO4Wjp4c3466JUdAzQ=="
    },
    "node_modules/typescript": {
      "version": "5.9.3",
      "resolved": "https://registry.npmjs.org/typescript/-/typescript-5.9.3.tgz",
      "integrity": "sha512-jl1vZzPDinLr9eUt3J/t7V6FgNEw9QjvBPdysz9KfQDD41fQrC2Y4vKQdiaUpFT4bXlb1RHhLpp8wtm6M5TgSw==",
      "dev": true,
      "license": "Apache-2.0",
      "bin": {
        "tsc": "bin/tsc",
        "tsserver": "bin/tsserver"
      },
      "engines": {
        "node": ">=14.17"
      }
    },
    "node_modules/undici-types": {
      "version": "7.18.2",
      "resolved": "https://registry.npmjs.org/undici-types/-/undici-types-7.18.2.tgz",
      "integrity": "sha512-AsuCzffGHJybSaRrmr5eHr81mwJU3kjw6M+uprWvCXiNeN9SOGwQ3Jn8jb8m3Z6izVgknn1R0FTCEAP2QrLY/w==",
      "dev": true,
      "license": "MIT"
    }
  },
  "dependencies": {
    "@tsconfig/node24": {
      "version": "24.0.4",
      "resolved": "https://registry.npmjs.org/@tsconfig/node24/-/node24-24.0.4.tgz",
      "integrity": "sha512-2A933l5P5oCbv6qSxHs7ckKwobs8BDAe9SJ/Xr2Hy+nDlwmLE1GhFh/g/vXGRZWgxBg9nX/5piDtHR9Dkw/XuA==",
      "dev": true
    },
    "@types/homey": {
      "version": "npm:homey-apps-sdk-v3-types@0.3.9",
      "resolved": "https://registry.npmjs.org/homey-apps-sdk-v3-types/-/homey-apps-sdk-v3-types-0.3.9.tgz",
      "integrity": "sha512-K4h2D2UwDFED9ML5rLIGJxgOV3FjlQYcrOjwgbJ3v5N38Iz7fvAzZlkf1XEPIClPVzsSxnOvasFs9Jw6cgzs+g==",
      "dev": true,
      "requires": {
        "@types/node": "^14.14.20"
      },
      "dependencies": {
        "@types/node": {
          "version": "14.18.63",
          "resolved": "https://registry.npmjs.org/@types/node/-/node-14.18.63.tgz",
          "integrity": "sha512-fAtCfv4jJg+ExtXhvCkCqUKZ+4ok/JQk01qDKhL5BDDoS3AxKXhV5/MAVUZyQnSEd2GT92fkgZl0pz0Q0AzcIQ==",
          "dev": true
        }
      }
    },
    "@types/node": {
      "version": "24.13.2",
      "resolved": "https://registry.npmjs.org/@types/node/-/node-24.13.2.tgz",
      "integrity": "sha512-fRa09kZTgu8o71KFcDjUFuc7F+dEbZYZmkI0mg5YBTRs0yMKjYHsq/c0urDKeDb+D5qVgXOdFcuu+DZPKOITwA==",
      "dev": true,
      "requires": {
        "undici-types": "~7.18.0"
      }
    },
    "crc-32": {
      "version": "1.2.2",
      "resolved": "https://registry.npmjs.org/crc-32/-/crc-32-1.2.2.tgz",
      "integrity": "sha512-ROmzCKrTnOwybPcJApAA6WBWij23HVfGVNKqqrZpuyZOHqK2CwHSvpGuyt/UNNvaIjEd8X5IFGp4Mh+Ie1IHJQ=="
    },
    "easy-rscp": {
      "version": "0.9.1",
      "resolved": "https://registry.npmjs.org/easy-rscp/-/easy-rscp-0.9.1.tgz",
      "integrity": "sha512-u7jVdn33t2YX99kNaWzOOi0V8CbaRlpqG1qwg452I3pg/FX/tgR9U1tXMGBdG6S4qmpBVEDtCeK2TO/z5b7nvQ==",
      "requires": {
        "crc-32": "^1.2.2",
        "net": "^1.0.2",
        "rijndael-js": "^2.0.0"
      }
    },
    "net": {
      "version": "1.0.2",
      "resolved": "https://registry.npmjs.org/net/-/net-1.0.2.tgz",
      "integrity": "sha512-kbhcj2SVVR4caaVnGLJKmlk2+f+oLkjqdKeQlmUtz6nGzOpbcobwVIeSURNgraV/v3tlmGIX82OcPCl0K6RbHQ=="
    },
    "rijndael-js": {
      "version": "2.0.0",
      "resolved": "https://registry.npmjs.org/rijndael-js/-/rijndael-js-2.0.0.tgz",
      "integrity": "sha512-TiCKXWUtNOqb6Ck6TMf51wD12hy4ApgFZj7DnWEJ9DHv3MMfu9X5hiervLNLzmj5ieVcLO4Wjp4c3466JUdAzQ=="
    },
    "typescript": {
      "version": "5.9.3",
      "resolved": "https://registry.npmjs.org/typescript/-/typescript-5.9.3.tgz",
      "integrity": "sha512-jl1vZzPDinLr9eUt3J/t7V6FgNEw9QjvBPdysz9KfQDD41fQrC2Y4vKQdiaUpFT4bXlb1RHhLpp8wtm6M5TgSw==",
      "dev": true
    },
    "undici-types": {
      "version": "7.18.2",
      "resolved": "https://registry.npmjs.org/undici-types/-/undici-types-7.18.2.tgz",
      "integrity": "sha512-AsuCzffGHJybSaRrmr5eHr81mwJU3kjw6M+uprWvCXiNeN9SOGwQ3Jn8jb8m3Z6izVgknn1R0FTCEAP2QrLY/w==",
      "dev": true
    }
  }
}
